{"SurveyEntry":{"SurveyID":"SV_3egamF2tL2cZvmt","SurveyName":"tDCS-after-survey","SurveyDescription":"tDCSafter","SurveyOwnerID":"UR_1STyuMDdT1u8gM5","SurveyBrandID":"snu","DivisionID":null,"SurveyLanguage":"KO","SurveyActiveResponseSet":"RS_3CrLKJnHsLcS3t3","SurveyStatus":"Active","SurveyStartDate":"0000-00-00 00:00:00","SurveyExpirationDate":"0000-00-00 00:00:00","SurveyCreationDate":"2019-03-22 05:08:29","CreatorID":"UR_1STyuMDdT1u8gM5","LastModified":"2020-02-01 07:33:38","LastAccessed":"0000-00-00 00:00:00","LastActivated":"2019-05-12 09:13:26","Deleted":null},"SurveyElements":[{"SurveyID":"SV_3egamF2tL2cZvmt","Element":"BL","PrimaryAttribute":"Survey Blocks","SecondaryAttribute":null,"TertiaryAttribute":null,"Payload":{"1":{"Type":"Trash","Description":"\ud734\uc9c0\ud1b5\/\uc0ac\uc6a9\ub418\uc9c0 \uc54a\uc740 \uc9c8\ubb38","ID":"BL_8bPuZs3pd8n35n7","BlockElements":[]},"31":{"Type":"Standard","SubType":"","Description":"tDCS \ubd80\uc791\uc6a9 \ubc0f sham control \uc124\ubb38\uc9c0","ID":"BL_2gaMNzr8TXAoV49","BlockElements":[{"Type":"Question","QuestionID":"QID125114482"},{"Type":"Question","QuestionID":"QID125114450"},{"Type":"Question","QuestionID":"QID125114483"},{"Type":"Question","QuestionID":"QID125114451"},{"Type":"Question","QuestionID":"QID125114452"}],"Options":{"BlockLocking":"true","RandomizeQuestions":"false","BlockVisibility":"Expanded","BlockPassword":"ea0087201f304971e2b3a3e60457910bec607eb1"}},"32":{"Type":"Standard","SubType":"","Description":"subject info","ID":"BL_e3tXvwEcxUohUnr","Options":{"BlockLocking":"true","RandomizeQuestions":"false","BlockVisibility":"Expanded","BlockPassword":"cc333118cf23ac8b0dd44cd953172c22246a75ad"},"BlockElements":[{"Type":"Question","QuestionID":"QID125114453"}]}}},{"SurveyID":"SV_3egamF2tL2cZvmt","Element":"FL","PrimaryAttribute":"Survey Flow","SecondaryAttribute":null,"TertiaryAttribute":null,"Payload":{"Type":"Root","FlowID":"FL_125114484","Flow":[{"ID":"BL_e3tXvwEcxUohUnr","Type":"Standard","FlowID":"FL_125114485"},{"Type":"Standard","ID":"BL_2gaMNzr8TXAoV49","FlowID":"FL_125114486"},{"Type":"EmbeddedData","FlowID":"FL_125114492","EmbeddedData":[{"Description":"State","Type":"Recipient","Field":"State","VariableType":"Nominal","DataVisibility":[],"Value":""},{"Description":"Gender","Type":"Recipient","Field":"Gender","VariableType":"Nominal","DataVisibility":[],"Value":""},{"Description":"SawSurvey","Type":"Custom","Field":"SawSurvey","VariableType":"Nominal","DataVisibility":[],"Value":"1"}]}],"Properties":{"Count":9,"RemovedFieldsets":[]}}},{"SurveyID":"SV_3egamF2tL2cZvmt","Element":"NT","PrimaryAttribute":"NT_1N6vcvzef9o5gHz","SecondaryAttribute":null,"TertiaryAttribute":null,"Payload":{"Notes":[{"Message":"\u3147\u3139\u3147\u3139","ID":"NO_5aQQE5vbw6Oeqot","UserID":"UR_1STyuMDdT1u8gM5","Timestamp":1551677281,"Removed":true}],"UserStatuses":{"UR_1STyuMDdT1u8gM5":"Expanded"},"ParentID":"QID64","ID":"NT_1N6vcvzef9o5gHz"}},{"SurveyID":"SV_3egamF2tL2cZvmt","Element":"SO","PrimaryAttribute":"Survey Options","SecondaryAttribute":null,"TertiaryAttribute":null,"Payload":{"BackButton":"false","SaveAndContinue":"true","SurveyProtection":"PublicSurvey","BallotBoxStuffingPrevention":"false","NoIndex":"Yes","SecureResponseFiles":"true","SurveyExpiration":null,"SurveyTermination":"DefaultMessage","Header":"","Footer":"","ProgressBarDisplay":"None","PartialData":"+1 week","ValidationMessage":null,"PreviousButton":" \u2190 ","NextButton":" \u2192 ","SkinLibrary":"Qualtrics","SkinType":"MQ","Skin":"v4qualtrics1","NewScoring":1,"EOSMessage":"","ShowExportTags":"false","CollectGeoLocation":"false","SurveyTitle":"\uc628\ub77c\uc778 \uc124\ubb38\uc870\uc0ac \uc18c\ud504\ud2b8\uc6e8\uc5b4 | Qualtrics \uc124\ubb38\uc870\uc0ac \uc194\ub8e8\uc158","SurveyMetaDescription":"Qualtrics\uc758 \uc815\uad50\ud55c \uc628\ub77c\uc778 \uc124\ubb38\uc870\uc0ac \uc18c\ud504\ud2b8\uc6e8\uc5b4 \uc194\ub8e8\uc158\uc744 \uc0ac\uc6a9\ud558\uba74 \uc628\ub77c\uc778 \uc124\ubb38\uc870\uc0ac\ub97c \ud3b8\ub9ac\ud558\uac8c \uc0dd\uc131\ud560 \uc218 \uc788\uc2b5\ub2c8\ub2e4. Research Suite\uc5d0 \ub300\ud574 \uc790\uc138\ud788 \uc54c\uc544\ubcf4\uace0 \ubb34\ub8cc \uacc4\uc815\uc744 \ubc1b\uc544 \ubcf4\uc2ed\uc2dc\uc624.","PasswordProtection":"No","AnonymizeResponse":"No","Password":"","RefererCheck":"No","RefererURL":"http:\/\/","ResponseSummary":"No","EOSMessageLibrary":"","EOSRedirectURL":"https:\/\/","EmailThankYou":"false","ThankYouEmailMessageLibrary":null,"ThankYouEmailMessage":null,"ValidateMessage":"false","ValidationMessageLibrary":null,"InactiveSurvey":"DefaultMessage","PartialDataCloseAfter":"LastActivity","ActiveResponseSet":null,"InactiveMessageLibrary":"","InactiveMessage":"","AvailableLanguages":{"KO":[]},"SurveyName":"tDCS-after-survey","ProtectSelectionIds":true}},{"SurveyID":"SV_3egamF2tL2cZvmt","Element":"SCO","PrimaryAttribute":"Scoring","SecondaryAttribute":null,"TertiaryAttribute":null,"Payload":{"ScoringCategories":[],"ScoringCategoryGroups":[],"ScoringSummaryCategory":null,"ScoringSummaryAfterQuestions":0,"ScoringSummaryAfterSurvey":0,"DefaultScoringCategory":null,"AutoScoringCategory":null}},{"SurveyID":"SV_3egamF2tL2cZvmt","Element":"PROJ","PrimaryAttribute":"CORE","SecondaryAttribute":null,"TertiaryAttribute":"1.1.0","Payload":{"ProjectCategory":"CORE","SchemaVersion":"1.1.0"}},{"SurveyID":"SV_3egamF2tL2cZvmt","Element":"STAT","PrimaryAttribute":"Survey Statistics","SecondaryAttribute":null,"TertiaryAttribute":null,"Payload":{"MobileCompatible":false,"ID":"Survey Statistics"}},{"SurveyID":"SV_3egamF2tL2cZvmt","Element":"QC","PrimaryAttribute":"Survey Question Count","SecondaryAttribute":"105","TertiaryAttribute":null,"Payload":null},{"SurveyID":"SV_3egamF2tL2cZvmt","Element":"SQ","PrimaryAttribute":"QID125114451","SecondaryAttribute":"\ub9cc\uc57d \uc544\ub2c8\ub77c\uba74, \ucd1d \uba87 \ubd84 \uc815\ub3c4 \uc804\ub958\uac00 \ud758\ub800\ub2e4\uace0 \ub290\ub07c\uc168\ub098\uc694?","TertiaryAttribute":null,"Payload":{"QuestionText":"\ub9cc\uc57d \uc544\ub2c8\ub77c\uba74,&nbsp;&nbsp;\ucd1d \uba87 \ubd84 \uc815\ub3c4 \uc804\ub958\uac00 \ud758\ub800\ub2e4\uace0 \ub290\ub07c\uc168\ub098\uc694?","DataExportTag":"side_2.1","QuestionType":"MC","Selector":"SAVR","SubSelector":"TX","Configuration":{"QuestionDescriptionOption":"UseText"},"QuestionDescription":"\ub9cc\uc57d \uc544\ub2c8\ub77c\uba74, \ucd1d \uba87 \ubd84 \uc815\ub3c4 \uc804\ub958\uac00 \ud758\ub800\ub2e4\uace0 \ub290\ub07c\uc168\ub098\uc694?","Choices":{"1":{"Display":"5\ubd84 \uc774\ub0b4"},"2":{"Display":"10\ubd84 \uc774\ub0b4"},"3":{"Display":"15\ubd84 \uc774\ub0b4"}},"ChoiceOrder":["1","2","3"],"Validation":{"Settings":{"ForceResponse":"ON","ForceResponseType":"ON","Type":"None"}},"Language":[],"NextChoiceId":4,"NextAnswerId":1,"DisplayLogic":{"0":{"0":{"LogicType":"Question","QuestionID":"QID125114483","QuestionIsInLoop":"no","ChoiceLocator":"q:\/\/QID125114483\/SelectableChoice\/2","Operator":"Selected","QuestionIDFromLocator":"QID125114483","LeftOperand":"q:\/\/QID125114483\/SelectableChoice\/2","Type":"Expression","Description":"<span class=\"ConjDesc\">\ub9cc\uc57d<\/span> <span class=\"QuestionDesc\">tDCS \uc2e4\ud5d8 \ub3d9\uc548 \uc804\ub958\uac00 \ub04a\uae40 \uc5c6\uc774 \uc9c0\uc18d\uc801\uc73c\ub85c \ud750\ub978\ub2e4\uace0 \ub290\ub07c\uc168\ub098\uc694? <\/span> <span class=\"LeftOpDesc\">\uc544\ub2c8\uc694<\/span> <span class=\"OpDesc\">\uc120\ud0dd\ub428<\/span> "},"Type":"If"},"Type":"BooleanExpression","inPage":false},"DataVisibility":{"Private":false,"Hidden":false},"RecodeValues":{"1":"1","2":"2","3":"3"},"QuestionText_Unsafe":"\ub9cc\uc57d \uc544\ub2c8\ub77c\uba74,&nbsp;&nbsp;\ucd1d \uba87 \ubd84 \uc815\ub3c4 \uc804\ub958\uac00 \ud758\ub800\ub2e4\uace0 \ub290\ub07c\uc168\ub098\uc694?","QuestionID":"QID125114451"}},{"SurveyID":"SV_3egamF2tL2cZvmt","Element":"RS","PrimaryAttribute":"RS_3CrLKJnHsLcS3t3","SecondaryAttribute":"\uae30\ubcf8 \uc751\ub2f5 \uc138\ud2b8","TertiaryAttribute":null,"Payload":null},{"SurveyID":"SV_3egamF2tL2cZvmt","Element":"SQ","PrimaryAttribute":"QID103","SecondaryAttribute":"\ub2e4\uc74c\uc740 tDCS (\uacbd\ub450\uac1c \uc804\uae30\uc790\uadf9) \uc2e4\ud5d8\uacfc \uad00\ub828\ud55c \uc124\ubb38\uc9c0\uc785\ub2c8\ub2e4.","TertiaryAttribute":null,"Payload":{"QuestionText":"\ub2e4\uc74c\uc740 tDCS (\uacbd\ub450\uac1c \uc804\uae30\uc790\uadf9) \uc2e4\ud5d8\uacfc \uad00\ub828\ud55c \uc124\ubb38\uc9c0\uc785\ub2c8\ub2e4.","DefaultChoices":false,"DataExportTag":"","QuestionType":"DB","Selector":"TB","Configuration":{"QuestionDescriptionOption":"UseText"},"QuestionDescription":"\ub2e4\uc74c\uc740 tDCS (\uacbd\ub450\uac1c \uc804\uae30\uc790\uadf9) \uc2e4\ud5d8\uacfc \uad00\ub828\ud55c \uc124\ubb38\uc9c0\uc785\ub2c8\ub2e4.","ChoiceOrder":[],"Validation":{"Settings":{"Type":"None"}},"GradingData":[],"Language":[],"NextChoiceId":4,"NextAnswerId":1,"QuestionID":"QID103"}},{"SurveyID":"SV_3egamF2tL2cZvmt","Element":"SQ","PrimaryAttribute":"QID125114452","SecondaryAttribute":"\uc804\ub958\uac00 \ubcfc\uc744 \ud5a5\ud574 \ud750\ub978\ub2e4\uace0 \ub290\ub07c\uc168\ub098\uc694? \ud639\uc740 \ubcfc\uc5d0\uc11c\ubd80\ud130 \uba40\uc5b4\uc9c4\ub2e4\uace0 \ub290\ub07c","TertiaryAttribute":null,"Payload":{"QuestionText":"<p>\uc804\ub958\uac00 \ubcfc\uc744 \ud5a5\ud574 \ud750\ub978\ub2e4\uace0 \ub290\ub07c\uc168\ub098\uc694? \ud639\uc740 \ubcfc\uc5d0\uc11c\ubd80\ud130 \uba40\uc5b4\uc9c4\ub2e4\uace0 \ub290\ub07c\uc168\ub098\uc694?&nbsp;<o:p><\/o:p><\/p>","DataExportTag":"side_3","QuestionType":"MC","Selector":"SAVR","SubSelector":"TX","Configuration":{"QuestionDescriptionOption":"UseText"},"QuestionDescription":"\uc804\ub958\uac00 \ubcfc\uc744 \ud5a5\ud574 \ud750\ub978\ub2e4\uace0 \ub290\ub07c\uc168\ub098\uc694? \ud639\uc740 \ubcfc\uc5d0\uc11c\ubd80\ud130 \uba40\uc5b4\uc9c4\ub2e4\uace0 \ub290\ub07c\uc168\ub098\uc694?\u00a0...","Choices":{"1":{"Display":"\ud5a5\ud55c\ub2e4"},"2":{"Display":"\uba40\uc5b4\uc9c4\ub2e4"},"3":{"Display":"\uc798 \ubaa8\ub974\uaca0\ub2e4"}},"ChoiceOrder":["1","2","3"],"Validation":{"Settings":{"ForceResponse":"ON","ForceResponseType":"ON","Type":"None"}},"Language":[],"NextChoiceId":4,"NextAnswerId":1,"DataVisibility":{"Private":false,"Hidden":false},"RecodeValues":{"1":"1","2":"2","3":"999"},"QuestionText_Unsafe":"<p>\uc804\ub958\uac00 \ubcfc\uc744 \ud5a5\ud574 \ud750\ub978\ub2e4\uace0 \ub290\ub07c\uc168\ub098\uc694? \ud639\uc740 \ubcfc\uc5d0\uc11c\ubd80\ud130 \uba40\uc5b4\uc9c4\ub2e4\uace0 \ub290\ub07c\uc168\ub098\uc694?&nbsp;<o:p><\/o:p><\/p>","QuestionID":"QID125114452"}},{"SurveyID":"SV_3egamF2tL2cZvmt","Element":"SQ","PrimaryAttribute":"QID125114450","SecondaryAttribute":"\uc99d\uc0c1\uacfc \uad00\ub828\ud574 \uae30\ud0c0 \ud558\uc2dc\uace0 \uc2f6\uc740 \ub9d0\uc500\uc774 \uc788\uc73c\uc2dc\uba74 \uc801\uc5b4\uc8fc\uc138\uc694.","TertiaryAttribute":null,"Payload":{"QuestionText":"<p>\uc99d\uc0c1\uacfc \uad00\ub828\ud574 \uae30\ud0c0 \ud558\uc2dc\uace0 \uc2f6\uc740 \ub9d0\uc500\uc774 \uc788\uc73c\uc2dc\uba74 \uc801\uc5b4\uc8fc\uc138\uc694.<o:p><\/o:p><\/p>","DefaultChoices":false,"DataExportTag":"side_1.1","QuestionType":"TE","Selector":"ML","Configuration":{"QuestionDescriptionOption":"UseText","InputWidth":572,"InputHeight":56,"AllowFreeResponse":"false"},"QuestionDescription":"\uc99d\uc0c1\uacfc \uad00\ub828\ud574 \uae30\ud0c0 \ud558\uc2dc\uace0 \uc2f6\uc740 \ub9d0\uc500\uc774 \uc788\uc73c\uc2dc\uba74 \uc801\uc5b4\uc8fc\uc138\uc694.","Validation":{"Settings":{"ForceResponse":"OFF","ForceResponseType":"ON","Type":"None"}},"GradingData":[],"Language":[],"NextChoiceId":4,"NextAnswerId":1,"DataVisibility":{"Private":false,"Hidden":false},"QuestionText_Unsafe":"<p>\uc99d\uc0c1\uacfc \uad00\ub828\ud574 \uae30\ud0c0 \ud558\uc2dc\uace0 \uc2f6\uc740 \ub9d0\uc500\uc774 \uc788\uc73c\uc2dc\uba74 \uc801\uc5b4\uc8fc\uc138\uc694.<o:p><\/o:p><\/p>","QuestionID":"QID125114450"}},{"SurveyID":"SV_3egamF2tL2cZvmt","Element":"SQ","PrimaryAttribute":"QID125114482","SecondaryAttribute":"\uc2e4\ud5d8 \uc911 \ud639\uc2dc \ub2e4\uc74c\uacfc \uac19\uc740 \uc99d\uc0c1\uc744 \uacbd\ud5d8\ud558\uc168\uc2b5\ub2c8\uae4c? \uacbd\ud5d8\ud558\uc9c0 \uc54a\uc558\ub2e4\uba74 '\ud574","TertiaryAttribute":null,"Payload":{"QuestionText":"\uc2e4\ud5d8 \uc911 \ud639\uc2dc \ub2e4\uc74c\uacfc \uac19\uc740 \uc99d\uc0c1\uc744 \uacbd\ud5d8\ud558\uc168\uc2b5\ub2c8\uae4c? \uacbd\ud5d8\ud558\uc9c0 \uc54a\uc558\ub2e4\uba74 '\ud574\ub2f9 \uc5c6\uc74c', \uacbd\ud5d8\ud558\uc168\ub2e4\uba74 \uac15\ub3c4\ub97c \ud45c\uc2dc\ud574 \uc8fc\uc138\uc694.&nbsp;","DefaultChoices":false,"DataExportTag":"side_1","QuestionType":"Matrix","Selector":"Likert","SubSelector":"SingleAnswer","Configuration":{"QuestionDescriptionOption":"UseText","TextPosition":"inline","ChoiceColumnWidth":25,"RepeatHeaders":"none","WhiteSpace":"OFF","MobileFirst":true},"QuestionDescription":"\uc2e4\ud5d8 \uc911 \ud639\uc2dc \ub2e4\uc74c\uacfc \uac19\uc740 \uc99d\uc0c1\uc744 \uacbd\ud5d8\ud558\uc168\uc2b5\ub2c8\uae4c? \uacbd\ud5d8\ud558\uc9c0 \uc54a\uc558\ub2e4\uba74 '\ud574\ub2f9 \uc5c6\uc74c', \uacbd\ud5d8\ud558\uc168\ub2e4\uba74 \uac15\ub3c4\ub97c \ud45c\uc2dc\ud574 \uc8fc\uc138\uc694....","Choices":{"2":{"Display":"\uac00\ub824\uc6c0"},"3":{"Display":"\uc4f0\ub9bc"},"4":{"Display":"\uae30\ud0c0 \ud53c\ubd80 \ud1b5\uc99d"},"5":{"Display":"\ub450\ud1b5"},"6":{"Display":"\ud53c\ub85c"},"7":{"Display":"\uc9d1\uc911\ub825 \uc800\ud558"},"8":{"Display":"\uae30\ubd84 \uc774\uc0c1"},"9":{"Display":"\uc2dc\uac01 \uc65c\uace1"},"10":{"Display":"\uae30\ud0c0"},"11":{"Display":"\uc800\ub9bc"}},"ChoiceOrder":["11","2","3","4","5","6","7","8","9","10"],"Validation":{"Settings":{"ForceResponse":"ON","ForceResponseType":"ON","Type":"None"}},"GradingData":[],"Language":{"EN":{"Choices":{"11":{"Display":"\uc791\uc131\ud558\ub824\uba74 \ud074\ub9ad \uc11c\uc220 10"}}}},"NextChoiceId":12,"NextAnswerId":7,"Answers":{"1":{"Display":"\ud574\ub2f9\uc5c6\uc74c"},"2":{"Display":"\ub9e4\uc6b0 \uc57d\ud568"},"3":{"Display":"\uc57d\ud568"},"4":{"Display":"\ubcf4\ud1b5"},"5":{"Display":"\uac15\ud568"},"6":{"Display":"\ub9e4\uc6b0 \uac15\ud568"}},"AnswerOrder":["1","2","3","4","5","6"],"ChoiceDataExportTags":false,"DataVisibility":{"Private":false,"Hidden":false},"RecodeValues":{"1":"0","2":"1","3":"2","4":"3","5":"4","6":"5"},"QuestionText_Unsafe":"\uc2e4\ud5d8 \uc911 \ud639\uc2dc \ub2e4\uc74c\uacfc \uac19\uc740 \uc99d\uc0c1\uc744 \uacbd\ud5d8\ud558\uc168\uc2b5\ub2c8\uae4c? \uacbd\ud5d8\ud558\uc9c0 \uc54a\uc558\ub2e4\uba74 '\ud574\ub2f9 \uc5c6\uc74c', \uacbd\ud5d8\ud558\uc168\ub2e4\uba74 \uac15\ub3c4\ub97c \ud45c\uc2dc\ud574 \uc8fc\uc138\uc694.&nbsp;","QuestionID":"QID125114482"}},{"SurveyID":"SV_3egamF2tL2cZvmt","Element":"SQ","PrimaryAttribute":"QID125114453","SecondaryAttribute":"Subject Information","TertiaryAttribute":null,"Payload":{"QuestionText":"Subject Information","DefaultChoices":false,"QuestionType":"TE","Selector":"FORM","DataVisibility":{"Private":false,"Hidden":false},"Configuration":{"QuestionDescriptionOption":"UseText","AllowFreeResponse":"false"},"QuestionDescription":"Subject Information","Validation":{"Settings":{"ForceResponse":"ON","ForceResponseType":"ON","Type":null}},"GradingData":[],"Language":[],"NextChoiceId":6,"NextAnswerId":1,"Choices":{"4":{"Display":"SubjectID"},"5":{"Display":"Session Number"}},"ChoiceOrder":["4","5"],"QuestionText_Unsafe":"Subject Information","DataExportTag":"","QuestionID":"QID125114453"}},{"SurveyID":"SV_3egamF2tL2cZvmt","Element":"SQ","PrimaryAttribute":"QID125114483","SecondaryAttribute":"tDCS \uc2e4\ud5d8 \ub3d9\uc548 \uc804\ub958\uac00 \ub04a\uae40 \uc5c6\uc774 \uc9c0\uc18d\uc801\uc73c\ub85c \ud750\ub978\ub2e4\uace0 \ub290\ub07c\uc168\ub098\uc694? ","TertiaryAttribute":null,"Payload":{"QuestionText":"tDCS\n\uc2e4\ud5d8 \ub3d9\uc548 \uc804\ub958\uac00 \ub04a\uae40 \uc5c6\uc774 \uc9c0\uc18d\uc801\uc73c\ub85c \ud750\ub978\ub2e4\uace0 \ub290\ub07c\uc168\ub098\uc694?&nbsp;","DataExportTag":"side_2","QuestionType":"MC","Selector":"SAVR","SubSelector":"TX","Configuration":{"QuestionDescriptionOption":"UseText"},"QuestionDescription":"tDCS \uc2e4\ud5d8 \ub3d9\uc548 \uc804\ub958\uac00 \ub04a\uae40 \uc5c6\uc774 \uc9c0\uc18d\uc801\uc73c\ub85c \ud750\ub978\ub2e4\uace0 \ub290\ub07c\uc168\ub098\uc694? ","Choices":{"1":{"Display":"\uc608"},"2":{"Display":"\uc544\ub2c8\uc694"}},"ChoiceOrder":["1","2"],"Validation":{"Settings":{"ForceResponse":"ON","ForceResponseType":"ON","Type":"None"}},"Language":[],"NextChoiceId":4,"NextAnswerId":1,"DataVisibility":{"Private":false,"Hidden":false},"RecodeValues":{"1":"1","2":"0"},"QuestionText_Unsafe":"tDCS\n\uc2e4\ud5d8 \ub3d9\uc548 \uc804\ub958\uac00 \ub04a\uae40 \uc5c6\uc774 \uc9c0\uc18d\uc801\uc73c\ub85c \ud750\ub978\ub2e4\uace0 \ub290\ub07c\uc168\ub098\uc694?&nbsp;","QuestionID":"QID125114483"}}]}